schema: '2.0'
stages:
  data_visualization:
    cmd: python src/data_visualization.py
    deps:
    - path: data/raw/datos_creditos.csv
      hash: md5
      md5: 3b26edd22e8827f890d7cd32efe475b7
      size: 663047
    - path: data/raw/datos_tarjetas.csv
      hash: md5
      md5: 9e197c893925601cd447c81256e8cf07
      size: 845190
    - path: src/data_visualization.py
      hash: md5
      md5: 9645bc1d792dab75929ee2bf32b71fe7
      size: 3762
    outs:
    - path: docs/figures/correlation_heatmap_creditos.png
      hash: md5
      md5: c261236f9486b6c3017ade2cf97cd0e3
      size: 77088
    - path: docs/figures/correlation_heatmap_tarjetas.png
      hash: md5
      md5: a58da1be7b3a1ed4b2d928ca90923e65
      size: 52584
    - path: docs/figures/edad_vs_mora.png
      hash: md5
      md5: e593f6c2c3680f44204e97c6ed70f82b
      size: 33432
    - path: docs/figures/ingresos_vs_importe.png
      hash: md5
      md5: 3a9117bee69abe05b0e9fb18e8956de4
      size: 150121
    - path: docs/figures/target_distribution.png
      hash: md5
      md5: 4fdb2a837bf1f2e1f6fa5ca95ac99834
      size: 21581
    - path: docs/figures/tasa_interes_vs_mora.png
      hash: md5
      md5: f1af7c09122784af9d0d3b8011af17fd
      size: 21475
  test_pandera:
    cmd: powershell -Command "pytest --html=docs/report_basico.html --self-contained-html
      test/test_data_quality.py -v; exit 0"
    deps:
    - path: data/raw/datos_creditos.csv
      hash: md5
      md5: 3b26edd22e8827f890d7cd32efe475b7
      size: 663047
    - path: data/raw/datos_tarjetas.csv
      hash: md5
      md5: 9e197c893925601cd447c81256e8cf07
      size: 845190
    - path: test/test_data_quality.py
      hash: md5
      md5: b816f6899ca1428c7280a5b476a05310
      size: 6023
    outs:
    - path: docs/report_basico.html
      hash: md5
      md5: f07034edca0134f3364b534775722f4f
      size: 46887
  test_ge:
    cmd: powershell -Command "pytest --html=docs/report_ge.html --self-contained-html
      test/test_data_quality_ge.py -v; exit 0"
    deps:
    - path: data/raw/datos_creditos.csv
      hash: md5
      md5: 3b26edd22e8827f890d7cd32efe475b7
      size: 663047
    - path: data/raw/datos_tarjetas.csv
      hash: md5
      md5: 9e197c893925601cd447c81256e8cf07
      size: 845190
    - path: test/test_data_quality_ge.py
      hash: md5
      md5: 3643802333356084cffc1a5c0b734056
      size: 4740
    outs:
    - path: docs/report_ge.html
      hash: md5
      md5: 987808d9885c3e297dd5213d5cfd0dec
      size: 40747
  data_processing:
    cmd: python src/data_prep.py
    deps:
    - path: data/raw/datos_creditos.csv
      hash: md5
      md5: 3b26edd22e8827f890d7cd32efe475b7
      size: 663047
    - path: data/raw/datos_tarjetas.csv
      hash: md5
      md5: 9e197c893925601cd447c81256e8cf07
      size: 845190
    - path: src/data_prep.py
      hash: md5
      md5: c1d2e39b389daea326af3ee8340e4740
      size: 4589
    outs:
    - path: data/processed/datos_integrados.csv
      hash: md5
      md5: ce5fc53d6148acaa01f92ef54f78b50c
      size: 2108487
  train_model:
    cmd: python src/train_model.py
    deps:
    - path: data/processed/datos_integrados.csv
      hash: md5
      md5: ce5fc53d6148acaa01f92ef54f78b50c
      size: 2108487
    - path: src/train_model.py
      hash: md5
      md5: bfd835c2b87fb6bc9e43e81840340e25
      size: 10126
    outs:
    - path: docs/figures/confusion_matrix_randomforest.png
      hash: md5
      md5: 887e0e89312b88ffec9440f65d3d3259
      size: 18085
    - path: metrics/train_metrics.json
      hash: md5
      md5: cc99cf0dadc4906fef42707f52bc9e2c
      size: 195
    - path: models/prod_model.pkl
      hash: md5
      md5: 14a0dd49d3527ca13b8128ae1e59d021
      size: 4705502
    - path: models/prod_preprocessor.pkl
      hash: md5
      md5: 96871b7dc80e79516ffca978074a6ad2
      size: 6023
  test_model:
    cmd: pytest --html=docs/report_model.html --self-contained-html test/test_train.py
      -v
    deps:
    - path: data/processed/datos_integrados.csv
      hash: md5
      md5: ce5fc53d6148acaa01f92ef54f78b50c
      size: 2108487
    - path: test/test_train.py
      hash: md5
      md5: 614fe399613d0279670f0af3a2d0e00e
      size: 1591
    outs:
    - path: docs/report_model.html
      hash: md5
      md5: 4e17af36cb83cfd1ef4efe2dd8d5c4ef
      size: 33642
